
Microsoft Visual Studio Solution File, Format Version 12.00
# Visual Studio 15
VisualStudioVersion = 15.0.26730.16
MinimumVisualStudioVersion = 10.0.40219.1
Project("{FAE04EC0-301F-11D3-BF4B-00C04F79EFBC}") = "OdeToFood", "OdeToFood\OdeToFood.csproj", "{243F3F19-2F1A-42DE-8A21-00D782E49D0F}"
EndProject
Global
	GlobalSection(SolutionConfigurationPlatforms) = preSolution
		Debug|Any CPU = Debug|Any CPU
		Release|Any CPU = Release|Any CPU
	EndGlobalSection
	GlobalSection(ProjectConfigurationPlatforms) = postSolution
		{243F3F19-2F1A-42DE-8A21-00D782E49D0F}.Debug|Any CPU.ActiveCfg = Debug|Any CPU
		{243F3F19-2F1A-42DE-8A21-00D782E49D0F}.Debug|Any CPU.Build.0 = Debug|Any CPU
		{243F3F19-2F1A-42DE-8A21-00D782E49D0F}.Release|Any CPU.ActiveCfg = Release|Any CPU
		{243F3F19-2F1A-42DE-8A21-00D782E49D0F}.Release|Any CPU.Build.0 = Release|Any CPU
	EndGlobalSection
	GlobalSection(SolutionProperties) = preSolution
		HideSolutionNode = FALSE
	EndGlobalSection
	GlobalSection(ExtensibilityGlobals) = postSolution
		SolutionGuid = {64216DE3-87D7-4598-95E0-0644B93E32A4}
	EndGlobalSection
EndGlobal
